// !$*UTF8*$!
{
	archiveVersion = 1;
	classes = {
	};
	objectVersion = 55;
	objects = {

/* Begin PBXBuildFile section */
		220FC0F7274979DD00061844 /* AppDelegate.swift in Sources */ = {isa = PBXBuildFile; fileRef = 220FC0F6274979DD00061844 /* AppDelegate.swift */; };
		220FC0F9274979DD00061844 /* SceneDelegate.swift in Sources */ = {isa = PBXBuildFile; fileRef = 220FC0F8274979DD00061844 /* SceneDelegate.swift */; };
		220FC0FB274979DD00061844 /* ViewController.swift in Sources */ = {isa = PBXBuildFile; fileRef = 220FC0FA274979DD00061844 /* ViewController.swift */; };
		220FC100274979E100061844 /* Assets.xcassets in Resources */ = {isa = PBXBuildFile; fileRef = 220FC0FF274979E100061844 /* Assets.xcassets */; };
		220FC103274979E100061844 /* LaunchScreen.storyboard in Resources */ = {isa = PBXBuildFile; fileRef = 220FC101274979E100061844 /* LaunchScreen.storyboard */; };
		220FC10D2749A3FD00061844 /* Filter.swift in Sources */ = {isa = PBXBuildFile; fileRef = 220FC10C2749A3FD00061844 /* Filter.swift */; };
		220FC10F2749A40700061844 /* FilterCollectionViewCell.swift in Sources */ = {isa = PBXBuildFile; fileRef = 220FC10E2749A40600061844 /* FilterCollectionViewCell.swift */; };
		220FC1112749A41800061844 /* TopViewController.swift in Sources */ = {isa = PBXBuildFile; fileRef = 220FC1102749A41800061844 /* TopViewController.swift */; };
		220FC113274B36CA00061844 /* BottomViewController.swift in Sources */ = {isa = PBXBuildFile; fileRef = 220FC112274B36CA00061844 /* BottomViewController.swift */; };
		225D406D2759AFBA00935D20 /* ClothesTableViewCell.swift in Sources */ = {isa = PBXBuildFile; fileRef = 225D406C2759AFBA00935D20 /* ClothesTableViewCell.swift */; };
		225D406F2759B39B00935D20 /* NetworkManager.swift in Sources */ = {isa = PBXBuildFile; fileRef = 225D406E2759B39B00935D20 /* NetworkManager.swift */; };
		22E099C4275862AA00AD9E00 /* HomeViewController.swift in Sources */ = {isa = PBXBuildFile; fileRef = 22E099C3275862AA00AD9E00 /* HomeViewController.swift */; };
		22E2ABE2274B4528002EA003 /* Clothes.swift in Sources */ = {isa = PBXBuildFile; fileRef = 22E2ABE1274B4528002EA003 /* Clothes.swift */; };
		561422E52EEE78F2EAB32521 /* Pods_outFIT.framework in Frameworks */ = {isa = PBXBuildFile; fileRef = 00955902BEB4CB6C066AA2B6 /* Pods_outFIT.framework */; };
/* End PBXBuildFile section */

/* Begin PBXFileReference section */
		00955902BEB4CB6C066AA2B6 /* Pods_outFIT.framework */ = {isa = PBXFileReference; explicitFileType = wrapper.framework; includeInIndex = 0; path = Pods_outFIT.framework; sourceTree = BUILT_PRODUCTS_DIR; };
		220FC0F3274979DD00061844 /* outFIT.app */ = {isa = PBXFileReference; explicitFileType = wrapper.application; includeInIndex = 0; path = outFIT.app; sourceTree = BUILT_PRODUCTS_DIR; };
		220FC0F6274979DD00061844 /* AppDelegate.swift */ = {isa = PBXFileReference; lastKnownFileType = sourcecode.swift; path = AppDelegate.swift; sourceTree = "<group>"; };
		220FC0F8274979DD00061844 /* SceneDelegate.swift */ = {isa = PBXFileReference; lastKnownFileType = sourcecode.swift; path = SceneDelegate.swift; sourceTree = "<group>"; };
		220FC0FA274979DD00061844 /* ViewController.swift */ = {isa = PBXFileReference; lastKnownFileType = sourcecode.swift; path = ViewController.swift; sourceTree = "<group>"; };
		220FC0FF274979E100061844 /* Assets.xcassets */ = {isa = PBXFileReference; lastKnownFileType = folder.assetcatalog; path = Assets.xcassets; sourceTree = "<group>"; };
		220FC102274979E100061844 /* Base */ = {isa = PBXFileReference; lastKnownFileType = file.storyboard; name = Base; path = Base.lproj/LaunchScreen.storyboard; sourceTree = "<group>"; };
		220FC104274979E100061844 /* Info.plist */ = {isa = PBXFileReference; lastKnownFileType = text.plist.xml; path = Info.plist; sourceTree = "<group>"; };
		220FC10C2749A3FD00061844 /* Filter.swift */ = {isa = PBXFileReference; fileEncoding = 4; lastKnownFileType = sourcecode.swift; name = Filter.swift; path = ../../Filter.swift; sourceTree = "<group>"; };
		220FC10E2749A40600061844 /* FilterCollectionViewCell.swift */ = {isa = PBXFileReference; fileEncoding = 4; lastKnownFileType = sourcecode.swift; name = FilterCollectionViewCell.swift; path = ../../FilterCollectionViewCell.swift; sourceTree = "<group>"; };
		220FC1102749A41800061844 /* TopViewController.swift */ = {isa = PBXFileReference; fileEncoding = 4; lastKnownFileType = sourcecode.swift; name = TopViewController.swift; path = ../../TopViewController.swift; sourceTree = "<group>"; };
		220FC112274B36CA00061844 /* BottomViewController.swift */ = {isa = PBXFileReference; lastKnownFileType = sourcecode.swift; path = BottomViewController.swift; sourceTree = "<group>"; };
		225D406C2759AFBA00935D20 /* ClothesTableViewCell.swift */ = {isa = PBXFileReference; lastKnownFileType = sourcecode.swift; path = ClothesTableViewCell.swift; sourceTree = "<group>"; };
		225D406E2759B39B00935D20 /* NetworkManager.swift */ = {isa = PBXFileReference; lastKnownFileType = sourcecode.swift; path = NetworkManager.swift; sourceTree = "<group>"; };
		22E099C3275862AA00AD9E00 /* HomeViewController.swift */ = {isa = PBXFileReference; lastKnownFileType = sourcecode.swift; path = HomeViewController.swift; sourceTree = "<group>"; };
		22E2ABE1274B4528002EA003 /* Clothes.swift */ = {isa = PBXFileReference; lastKnownFileType = sourcecode.swift; path = Clothes.swift; sourceTree = "<group>"; };
		25F42036A51338A7EA794881 /* Pods-outFIT.release.xcconfig */ = {isa = PBXFileReference; includeInIndex = 1; lastKnownFileType = text.xcconfig; name = "Pods-outFIT.release.xcconfig"; path = "Target Support Files/Pods-outFIT/Pods-outFIT.release.xcconfig"; sourceTree = "<group>"; };
		C8B12C64542D7F4110628263 /* Pods-outFIT.debug.xcconfig */ = {isa = PBXFileReference; includeInIndex = 1; lastKnownFileType = text.xcconfig; name = "Pods-outFIT.debug.xcconfig"; path = "Target Support Files/Pods-outFIT/Pods-outFIT.debug.xcconfig"; sourceTree = "<group>"; };
/* End PBXFileReference section */

/* Begin PBXFrameworksBuildPhase section */
		220FC0F0274979DD00061844 /* Frameworks */ = {
			isa = PBXFrameworksBuildPhase;
			buildActionMask = 2147483647;
			files = (
				561422E52EEE78F2EAB32521 /* Pods_outFIT.framework in Frameworks */,
			);
			runOnlyForDeploymentPostprocessing = 0;
		};
/* End PBXFrameworksBuildPhase section */

/* Begin PBXGroup section */
		0D0990BE59641ED683D715E4 /* Pods */ = {
			isa = PBXGroup;
			children = (
				C8B12C64542D7F4110628263 /* Pods-outFIT.debug.xcconfig */,
				25F42036A51338A7EA794881 /* Pods-outFIT.release.xcconfig */,
			);
			path = Pods;
			sourceTree = "<group>";
		};
		220FC0EA274979DD00061844 = {
			isa = PBXGroup;
			children = (
				220FC0F5274979DD00061844 /* outFIT */,
				220FC0F4274979DD00061844 /* Products */,
				0D0990BE59641ED683D715E4 /* Pods */,
				772D78E204498D661CEA895E /* Frameworks */,
			);
			sourceTree = "<group>";
		};
		220FC0F4274979DD00061844 /* Products */ = {
			isa = PBXGroup;
			children = (
				220FC0F3274979DD00061844 /* outFIT.app */,
			);
			name = Products;
			sourceTree = "<group>";
		};
		220FC0F5274979DD00061844 /* outFIT */ = {
			isa = PBXGroup;
			children = (
				220FC0F6274979DD00061844 /* AppDelegate.swift */,
				220FC0F8274979DD00061844 /* SceneDelegate.swift */,
				22E099C3275862AA00AD9E00 /* HomeViewController.swift */,
				220FC0FA274979DD00061844 /* ViewController.swift */,
				220FC1102749A41800061844 /* TopViewController.swift */,
				220FC112274B36CA00061844 /* BottomViewController.swift */,
				22E2ABE1274B4528002EA003 /* Clothes.swift */,
				225D406C2759AFBA00935D20 /* ClothesTableViewCell.swift */,
				220FC10C2749A3FD00061844 /* Filter.swift */,
				220FC10E2749A40600061844 /* FilterCollectionViewCell.swift */,
				225D406E2759B39B00935D20 /* NetworkManager.swift */,
				220FC0FF274979E100061844 /* Assets.xcassets */,
				220FC101274979E100061844 /* LaunchScreen.storyboard */,
				220FC104274979E100061844 /* Info.plist */,
			);
			path = outFIT;
			sourceTree = "<group>";
		};
		772D78E204498D661CEA895E /* Frameworks */ = {
			isa = PBXGroup;
			children = (
				00955902BEB4CB6C066AA2B6 /* Pods_outFIT.framework */,
			);
			name = Frameworks;
			sourceTree = "<group>";
		};
/* End PBXGroup section */

/* Begin PBXNativeTarget section */
		220FC0F2274979DD00061844 /* outFIT */ = {
			isa = PBXNativeTarget;
			buildConfigurationList = 220FC107274979E100061844 /* Build configuration list for PBXNativeTarget "outFIT" */;
			buildPhases = (
				E7DEB18A9B5C312D498210A7 /* [CP] Check Pods Manifest.lock */,
				220FC0EF274979DD00061844 /* Sources */,
				220FC0F0274979DD00061844 /* Frameworks */,
				220FC0F1274979DD00061844 /* Resources */,
				5286B9E104FD54D563ED9B10 /* [CP] Embed Pods Frameworks */,
			);
			buildRules = (
			);
			dependencies = (
			);
			name = outFIT;
			productName = outFIT;
			productReference = 220FC0F3274979DD00061844 /* outFIT.app */;
			productType = "com.apple.product-type.application";
		};
/* End PBXNativeTarget section */

/* Begin PBXProject section */
		220FC0EB274979DD00061844 /* Project object */ = {
			isa = PBXProject;
			attributes = {
				BuildIndependentTargetsInParallel = 1;
				LastSwiftUpdateCheck = 1310;
				LastUpgradeCheck = 1310;
				TargetAttributes = {
					220FC0F2274979DD00061844 = {
						CreatedOnToolsVersion = 13.1;
					};
				};
			};
			buildConfigurationList = 220FC0EE274979DD00061844 /* Build configuration list for PBXProject "outFIT" */;
			compatibilityVersion = "Xcode 13.0";
			developmentRegion = en;
			hasScannedForEncodings = 0;
			knownRegions = (
				en,
				Base,
			);
			mainGroup = 220FC0EA274979DD00061844;
			productRefGroup = 220FC0F4274979DD00061844 /* Products */;
			projectDirPath = "";
			projectRoot = "";
			targets = (
				220FC0F2274979DD00061844 /* outFIT */,
			);
		};
/* End PBXProject section */

/* Begin PBXResourcesBuildPhase section */
		220FC0F1274979DD00061844 /* Resources */ = {
			isa = PBXResourcesBuildPhase;
			buildActionMask = 2147483647;
			files = (
				220FC103274979E100061844 /* LaunchScreen.storyboard in Resources */,
				220FC100274979E100061844 /* Assets.xcassets in Resources */,
			);
			runOnlyForDeploymentPostprocessing = 0;
		};
/* End PBXResourcesBuildPhase section */

/* Begin PBXShellScriptBuildPhase section */
		5286B9E104FD54D563ED9B10 /* [CP] Embed Pods Frameworks */ = {
			isa = PBXShellScriptBuildPhase;
			buildActionMask = 2147483647;
			files = (
			);
			inputFileListPaths = (
				"${PODS_ROOT}/Target Support Files/Pods-outFIT/Pods-outFIT-frameworks-${CONFIGURATION}-input-files.xcfilelist",
			);
			name = "[CP] Embed Pods Frameworks";
			outputFileListPaths = (
				"${PODS_ROOT}/Target Support Files/Pods-outFIT/Pods-outFIT-frameworks-${CONFIGURATION}-output-files.xcfilelist",
			);
			runOnlyForDeploymentPostprocessing = 0;
			shellPath = /bin/sh;
			shellScript = "\"${PODS_ROOT}/Target Support Files/Pods-outFIT/Pods-outFIT-frameworks.sh\"\n";
			showEnvVarsInLog = 0;
		};
		E7DEB18A9B5C312D498210A7 /* [CP] Check Pods Manifest.lock */ = {
			isa = PBXShellScriptBuildPhase;
			buildActionMask = 2147483647;
			files = (
			);
			inputFileListPaths = (
			);
			inputPaths = (
				"${PODS_PODFILE_DIR_PATH}/Podfile.lock",
				"${PODS_ROOT}/Manifest.lock",
			);
			name = "[CP] Check Pods Manifest.lock";
			outputFileListPaths = (
			);
			outputPaths = (
				"$(DERIVED_FILE_DIR)/Pods-outFIT-checkManifestLockResult.txt",
			);
			runOnlyForDeploymentPostprocessing = 0;
			shellPath = /bin/sh;
			shellScript = "diff \"${PODS_PODFILE_DIR_PATH}/Podfile.lock\" \"${PODS_ROOT}/Manifest.lock\" > /dev/null\nif [ $? != 0 ] ; then\n    # print error to STDERR\n    echo \"error: The sandbox is not in sync with the Podfile.lock. Run 'pod install' or update your CocoaPods installation.\" >&2\n    exit 1\nfi\n# This output is used by Xcode 'outputs' to avoid re-running this script phase.\necho \"SUCCESS\" > \"${SCRIPT_OUTPUT_FILE_0}\"\n";
			showEnvVarsInLog = 0;
		};
/* End PBXShellScriptBuildPhase section */

/* Begin PBXSourcesBuildPhase section */
		220FC0EF274979DD00061844 /* Sources */ = {
			isa = PBXSourcesBuildPhase;
			buildActionMask = 2147483647;
			files = (
				220FC113274B36CA00061844 /* BottomViewController.swift in Sources */,
				225D406D2759AFBA00935D20 /* ClothesTableViewCell.swift in Sources */,
				225D406F2759B39B00935D20 /* NetworkManager.swift in Sources */,
				220FC1112749A41800061844 /* TopViewController.swift in Sources */,
				220FC10F2749A40700061844 /* FilterCollectionViewCell.swift in Sources */,
				220FC0FB274979DD00061844 /* ViewController.swift in Sources */,
				220FC10D2749A3FD00061844 /* Filter.swift in Sources */,
				22E099C4275862AA00AD9E00 /* HomeViewController.swift in Sources */,
				220FC0F7274979DD00061844 /* AppDelegate.swift in Sources */,
				22E2ABE2274B4528002EA003 /* Clothes.swift in Sources */,
				220FC0F9274979DD00061844 /* SceneDelegate.swift in Sources */,
			);
			runOnlyForDeploymentPostprocessing = 0;
		};
/* End PBXSourcesBuildPhase section */

/* Begin PBXVariantGroup section */
		220FC101274979E100061844 /* LaunchScreen.storyboard */ = {
			isa = PBXVariantGroup;
			children = (
				220FC102274979E100061844 /* Base */,
			);
			name = LaunchScreen.storyboard;
			sourceTree = "<group>";
		};
/* End PBXVariantGroup section */

/* Begin XCBuildConfiguration section */
		220FC105274979E100061844 /* Debug */ = {
			isa = XCBuildConfiguration;
			buildSettings = {
				ALWAYS_SEARCH_USER_PATHS = NO;
				CLANG_ANALYZER_NONNULL = YES;
				CLANG_ANALYZER_NUMBER_OBJECT_CONVERSION = YES_AGGRESSIVE;
				CLANG_CXX_LANGUAGE_STANDARD = "gnu++17";
				CLANG_CXX_LIBRARY = "libc++";
				CLANG_ENABLE_MODULES = YES;
				CLANG_ENABLE_OBJC_ARC = YES;
				CLANG_ENABLE_OBJC_WEAK = YES;
				CLANG_WARN_BLOCK_CAPTURE_AUTORELEASING = YES;
				CLANG_WARN_BOOL_CONVERSION = YES;
				CLANG_WARN_COMMA = YES;
				CLANG_WARN_CONSTANT_CONVERSION = YES;
				CLANG_WARN_DEPRECATED_OBJC_IMPLEMENTATIONS = YES;
				CLANG_WARN_DIRECT_OBJC_ISA_USAGE = YES_ERROR;
				CLANG_WARN_DOCUMENTATION_COMMENTS = YES;
				CLANG_WARN_EMPTY_BODY = YES;
				CLANG_WARN_ENUM_CONVERSION = YES;
				CLANG_WARN_INFINITE_RECURSION = YES;
				CLANG_WARN_INT_CONVERSION = YES;
				CLANG_WARN_NON_LITERAL_NULL_CONVERSION = YES;
				CLANG_WARN_OBJC_IMPLICIT_RETAIN_SELF = YES;
				CLANG_WARN_OBJC_LITERAL_CONVERSION = YES;
				CLANG_WARN_OBJC_ROOT_CLASS = YES_ERROR;
				CLANG_WARN_QUOTED_INCLUDE_IN_FRAMEWORK_HEADER = YES;
				CLANG_WARN_RANGE_LOOP_ANALYSIS = YES;
				CLANG_WARN_STRICT_PROTOTYPES = YES;
				CLANG_WARN_SUSPICIOUS_MOVE = YES;
				CLANG_WARN_UNGUARDED_AVAILABILITY = YES_AGGRESSIVE;
				CLANG_WARN_UNREACHABLE_CODE = YES;
				CLANG_WARN__DUPLICATE_METHOD_MATCH = YES;
				COPY_PHASE_STRIP = NO;
				DEBUG_INFORMATION_FORMAT = dwarf;
				ENABLE_STRICT_OBJC_MSGSEND = YES;
				ENABLE_TESTABILITY = YES;
				GCC_C_LANGUAGE_STANDARD = gnu11;
				GCC_DYNAMIC_NO_PIC = NO;
				GCC_NO_COMMON_BLOCKS = YES;
				GCC_OPTIMIZATION_LEVEL = 0;
				GCC_PREPROCESSOR_DEFINITIONS = (
					"DEBUG=1",
					"$(inherited)",
				);
				GCC_WARN_64_TO_32_BIT_CONVERSION = YES;
				GCC_WARN_ABOUT_RETURN_TYPE = YES_ERROR;
				GCC_WARN_UNDECLARED_SELECTOR = YES;
				GCC_WARN_UNINITIALIZED_AUTOS = YES_AGGRESSIVE;
				GCC_WARN_UNUSED_FUNCTION = YES;
				GCC_WARN_UNUSED_VARIABLE = YES;
				IPHONEOS_DEPLOYMENT_TARGET = 15.0;
				MTL_ENABLE_DEBUG_INFO = INCLUDE_SOURCE;
				MTL_FAST_MATH = YES;
				ONLY_ACTIVE_ARCH = YES;
				SDKROOT = iphoneos;
				SWIFT_ACTIVE_COMPILATION_CONDITIONS = DEBUG;
				SWIFT_OPTIMIZATION_LEVEL = "-Onone";
			};
			name = Debug;
		};
		220FC106274979E100061844 /* Release */ = {
			isa = XCBuildConfiguration;
			buildSettings = {
				ALWAYS_SEARCH_USER_PATHS = NO;
				CLANG_ANALYZER_NONNULL = YES;
				CLANG_ANALYZER_NUMBER_OBJECT_CONVERSION = YES_AGGRESSIVE;
				CLANG_CXX_LANGUAGE_STANDARD = "gnu++17";
				CLANG_CXX_LIBRARY = "libc++";
				CLANG_ENABLE_MODULES = YES;
				CLANG_ENABLE_OBJC_ARC = YES;
				CLANG_ENABLE_OBJC_WEAK = YES;
				CLANG_WARN_BLOCK_CAPTURE_AUTORELEASING = YES;
				CLANG_WARN_BOOL_CONVERSION = YES;
				CLANG_WARN_COMMA = YES;
				CLANG_WARN_CONSTANT_CONVERSION = YES;
				CLANG_WARN_DEPRECATED_OBJC_IMPLEMENTATIONS = YES;
				CLANG_WARN_DIRECT_OBJC_ISA_USAGE = YES_ERROR;
				CLANG_WARN_DOCUMENTATION_COMMENTS = YES;
				CLANG_WARN_EMPTY_BODY = YES;
				CLANG_WARN_ENUM_CONVERSION = YES;
				CLANG_WARN_INFINITE_RECURSION = YES;
				CLANG_WARN_INT_CONVERSION = YES;
				CLANG_WARN_NON_LITERAL_NULL_CONVERSION = YES;
				CLANG_WARN_OBJC_IMPLICIT_RETAIN_SELF = YES;
				CLANG_WARN_OBJC_LITERAL_CONVERSION = YES;
				CLANG_WARN_OBJC_ROOT_CLASS = YES_ERROR;
				CLANG_WARN_QUOTED_INCLUDE_IN_FRAMEWORK_HEADER = YES;
				CLANG_WARN_RANGE_LOOP_ANALYSIS = YES;
				CLANG_WARN_STRICT_PROTOTYPES = YES;
				CLANG_WARN_SUSPICIOUS_MOVE = YES;
				CLANG_WARN_UNGUARDED_AVAILABILITY = YES_AGGRESSIVE;
				CLANG_WARN_UNREACHABLE_CODE = YES;
				CLANG_WARN__DUPLICATE_METHOD_MATCH = YES;
				COPY_PHASE_STRIP = NO;
				DEBUG_INFORMATION_FORMAT = "dwarf-with-dsym";
				ENABLE_NS_ASSERTIONS = NO;
				ENABLE_STRICT_OBJC_MSGSEND = YES;
				GCC_C_LANGUAGE_STANDARD = gnu11;
				GCC_NO_COMMON_BLOCKS = YES;
				GCC_WARN_64_TO_32_BIT_CONVERSION = YES;
				GCC_WARN_ABOUT_RETURN_TYPE = YES_ERROR;
				GCC_WARN_UNDECLARED_SELECTOR = YES;
				GCC_WARN_UNINITIALIZED_AUTOS = YES_AGGRESSIVE;
				GCC_WARN_UNUSED_FUNCTION = YES;
				GCC_WARN_UNUSED_VARIABLE = YES;
				IPHONEOS_DEPLOYMENT_TARGET = 15.0;
				MTL_ENABLE_DEBUG_INFO = NO;
				MTL_FAST_MATH = YES;
				SDKROOT = iphoneos;
				SWIFT_COMPILATION_MODE = wholemodule;
				SWIFT_OPTIMIZATION_LEVEL = "-O";
				VALIDATE_PRODUCT = YES;
			};
			name = Release;
		};
		220FC108274979E100061844 /* Debug */ = {
			isa = XCBuildConfiguration;
			baseConfigurationReference = C8B12C64542D7F4110628263 /* Pods-outFIT.debug.xcconfig */;
			buildSettings = {
				ASSETCATALOG_COMPILER_APPICON_NAME = AppIcon;
				ASSETCATALOG_COMPILER_GLOBAL_ACCENT_COLOR_NAME = AccentColor;
				CODE_SIGN_STYLE = Automatic;
				CURRENT_PROJECT_VERSION = 1;
				GENERATE_INFOPLIST_FILE = YES;
				INFOPLIST_FILE = outFIT/Info.plist;
				INFOPLIST_KEY_UIApplicationSupportsIndirectInputEvents = YES;
				INFOPLIST_KEY_UILaunchStoryboardName = LaunchScreen;
				INFOPLIST_KEY_UIMainStoryboardFile = LaunchScreen;
				INFOPLIST_KEY_UISupportedInterfaceOrientations_iPad = "UIInterfaceOrientationPortrait UIInterfaceOrientationPortraitUpsideDown UIInterfaceOrientationLandscapeLeft UIInterfaceOrientationLandscapeRight";
				INFOPLIST_KEY_UISupportedInterfaceOrientations_iPhone = "UIInterfaceOrientationPortrait UIInterfaceOrientationLandscapeLeft UIInterfaceOrientationLandscapeRight";
				LD_RUNPATH_SEARCH_PATHS = (
					"$(inherited)",
					"@executable_path/Frameworks",
				);
				MARKETING_VERSION = 1.0;
				PRODUCT_BUNDLE_IDENTIFIER = AmyWilliams.outFIT;
				PRODUCT_NAME = "$(TARGET_NAME)";
				SWIFT_EMIT_LOC_STRINGS = YES;
				SWIFT_VERSION = 5.0;
				TARGETED_DEVICE_FAMILY = "1,2";
			};
			name = Debug;
		};
		220FC109274979E100061844 /* Release */ = {
			isa = XCBuildConfiguration;
			baseConfigurationReference = 25F42036A51338A7EA794881 /* Pods-outFIT.release.xcconfig */;
			buildSettings = {
				ASSETCATALOG_COMPILER_APPICON_NAME = AppIcon;
				ASSETCATALOG_COMPILER_GLOBAL_ACCENT_COLOR_NAME = AccentColor;
				CODE_SIGN_STYLE = Automatic;
				CURRENT_PROJECT_VERSION = 1;
				GENERATE_INFOPLIST_FILE = YES;
				INFOPLIST_FILE = outFIT/Info.plist;
				INFOPLIST_KEY_UIApplicationSupportsIndirectInputEvents = YES;
				INFOPLIST_KEY_UILaunchStoryboardName = LaunchScreen;
				INFOPLIST_KEY_UIMainStoryboardFile = LaunchScreen;
				INFOPLIST_KEY_UISupportedInterfaceOrientations_iPad = "UIInterfaceOrientationPortrait UIInterfaceOrientationPortraitUpsideDown UIInterfaceOrientationLandscapeLeft UIInterfaceOrientationLandscapeRight";
				INFOPLIST_KEY_UISupportedInterfaceOrientations_iPhone = "UIInterfaceOrientationPortrait UIInterfaceOrientationLandscapeLeft UIInterfaceOrientationLandscapeRight";
				LD_RUNPATH_SEARCH_PATHS = (
					"$(inherited)",
					"@executable_path/Frameworks",
				);
				MARKETING_VERSION = 1.0;
				PRODUCT_BUNDLE_IDENTIFIER = AmyWilliams.outFIT;
				PRODUCT_NAME = "$(TARGET_NAME)";
				SWIFT_EMIT_LOC_STRINGS = YES;
				SWIFT_VERSION = 5.0;
				TARGETED_DEVICE_FAMILY = "1,2";
			};
			name = Release;
		};
/* End XCBuildConfiguration section */

/* Begin XCConfigurationList section */
		220FC0EE274979DD00061844 /* Build configuration list for PBXProject "outFIT" */ = {
			isa = XCConfigurationList;
			buildConfigurations = (
				220FC105274979E100061844 /* Debug */,
				220FC106274979E100061844 /* Release */,
			);
			defaultConfigurationIsVisible = 0;
			defaultConfigurationName = Release;
		};
		220FC107274979E100061844 /* Build configuration list for PBXNativeTarget "outFIT" */ = {
			isa = XCConfigurationList;
			buildConfigurations = (
				220FC108274979E100061844 /* Debug */,
				220FC109274979E100061844 /* Release */,
			);
			defaultConfigurationIsVisible = 0;
			defaultConfigurationName = Release;
		};
/* End XCConfigurationList section */
	};
	rootObject = 220FC0EB274979DD00061844 /* Project object */;
}
